
Microsoft Visual Studio Solution File, Format Version 12.00
# Visual Studio Version 16
VisualStudioVersion = 16.0.31129.286
MinimumVisualStudioVersion = 10.0.40219.1
Project("{FAE04EC0-301F-11D3-BF4B-00C04F79EFBC}") = "HotelReservationsManager", "HotelReservationsManager\HotelReservationsManager.csproj", "{0F05149F-E454-493D-AC78-38D2F1BA86DE}"
EndProject
Global
	GlobalSection(SolutionConfigurationPlatforms) = preSolution
		Debug|Any CPU = Debug|Any CPU
		Release|Any CPU = Release|Any CPU
	EndGlobalSection
	GlobalSection(ProjectConfigurationPlatforms) = postSolution
		{0F05149F-E454-493D-AC78-38D2F1BA86DE}.Debug|Any CPU.ActiveCfg = Debug|Any CPU
		{0F05149F-E454-493D-AC78-38D2F1BA86DE}.Debug|Any CPU.Build.0 = Debug|Any CPU
		{0F05149F-E454-493D-AC78-38D2F1BA86DE}.Release|Any CPU.ActiveCfg = Release|Any CPU
		{0F05149F-E454-493D-AC78-38D2F1BA86DE}.Release|Any CPU.Build.0 = Release|Any CPU
	EndGlobalSection
	GlobalSection(SolutionProperties) = preSolution
		HideSolutionNode = FALSE
	EndGlobalSection
	GlobalSection(ExtensibilityGlobals) = postSolution
		SolutionGuid = {611B70FE-DB98-4542-952F-0A52C47FE5CE}
	EndGlobalSection
EndGlobal
